
Microsoft Visual Studio Solution File, Format Version 12.00
# Visual Studio Version 16
VisualStudioVersion = 16.0.30907.101
MinimumVisualStudioVersion = 10.0.40219.1
Project("{9A19103F-16F7-4668-BE54-9A1E7A4F7556}") = "Coronavirus", "Coronavirus\Coronavirus.csproj", "{F9D139F2-E9FD-438E-9332-D58CAC4B4C10}"
EndProject
Project("{FAE04EC0-301F-11D3-BF4B-00C04F79EFBC}") = "Coronavirus.Ui", "Coronavirus.Ui\Coronavirus.Ui.csproj", "{887A75F2-A60F-4F1D-AF2A-73FE89F1416A}"
EndProject
Project("{FAE04EC0-301F-11D3-BF4B-00C04F79EFBC}") = "ConsoleApp1", "ConsoleApp1\ConsoleApp1.csproj", "{9A147458-B74B-422E-8992-41C62E0D94C3}"
EndProject
Global
	GlobalSection(SolutionConfigurationPlatforms) = preSolution
		Debug|Any CPU = Debug|Any CPU
		Release|Any CPU = Release|Any CPU
	EndGlobalSection
	GlobalSection(ProjectConfigurationPlatforms) = postSolution
		{F9D139F2-E9FD-438E-9332-D58CAC4B4C10}.Debug|Any CPU.ActiveCfg = Debug|Any CPU
		{F9D139F2-E9FD-438E-9332-D58CAC4B4C10}.Debug|Any CPU.Build.0 = Debug|Any CPU
		{F9D139F2-E9FD-438E-9332-D58CAC4B4C10}.Release|Any CPU.ActiveCfg = Release|Any CPU
		{F9D139F2-E9FD-438E-9332-D58CAC4B4C10}.Release|Any CPU.Build.0 = Release|Any CPU
		{887A75F2-A60F-4F1D-AF2A-73FE89F1416A}.Debug|Any CPU.ActiveCfg = Debug|Any CPU
		{887A75F2-A60F-4F1D-AF2A-73FE89F1416A}.Debug|Any CPU.Build.0 = Debug|Any CPU
		{887A75F2-A60F-4F1D-AF2A-73FE89F1416A}.Release|Any CPU.ActiveCfg = Release|Any CPU
		{887A75F2-A60F-4F1D-AF2A-73FE89F1416A}.Release|Any CPU.Build.0 = Release|Any CPU
		{9A147458-B74B-422E-8992-41C62E0D94C3}.Debug|Any CPU.ActiveCfg = Debug|Any CPU
		{9A147458-B74B-422E-8992-41C62E0D94C3}.Debug|Any CPU.Build.0 = Debug|Any CPU
		{9A147458-B74B-422E-8992-41C62E0D94C3}.Release|Any CPU.ActiveCfg = Release|Any CPU
		{9A147458-B74B-422E-8992-41C62E0D94C3}.Release|Any CPU.Build.0 = Release|Any CPU
	EndGlobalSection
	GlobalSection(SolutionProperties) = preSolution
		HideSolutionNode = FALSE
	EndGlobalSection
	GlobalSection(ExtensibilityGlobals) = postSolution
		SolutionGuid = {79B5EFCE-9AB5-4824-BA22-400778985642}
	EndGlobalSection
EndGlobal
