
Microsoft Visual Studio Solution File, Format Version 12.00
# Visual Studio Version 16
VisualStudioVersion = 16.0.30907.101
MinimumVisualStudioVersion = 10.0.40219.1
Project("{9A19103F-16F7-4668-BE54-9A1E7A4F7556}") = "Coronavirus", "Coronavirus\Coronavirus.csproj", "{F9D139F2-E9FD-438E-9332-D58CAC4B4C10}"
EndProject
Project("{FAE04EC0-301F-11D3-BF4B-00C04F79EFBC}") = "Coronavirus.WPF", "Coronavirus.WPF\Coronavirus.WPF.csproj", "{949AA9E2-F3D7-4B75-93FB-6B77A52A9EEE}"
EndProject
Global
	GlobalSection(SolutionConfigurationPlatforms) = preSolution
		Debug|Any CPU = Debug|Any CPU
		Release|Any CPU = Release|Any CPU
	EndGlobalSection
	GlobalSection(ProjectConfigurationPlatforms) = postSolution
		{F9D139F2-E9FD-438E-9332-D58CAC4B4C10}.Debug|Any CPU.ActiveCfg = Debug|Any CPU
		{F9D139F2-E9FD-438E-9332-D58CAC4B4C10}.Debug|Any CPU.Build.0 = Debug|Any CPU
		{F9D139F2-E9FD-438E-9332-D58CAC4B4C10}.Release|Any CPU.ActiveCfg = Release|Any CPU
		{F9D139F2-E9FD-438E-9332-D58CAC4B4C10}.Release|Any CPU.Build.0 = Release|Any CPU
		{949AA9E2-F3D7-4B75-93FB-6B77A52A9EEE}.Debug|Any CPU.ActiveCfg = Debug|Any CPU
		{949AA9E2-F3D7-4B75-93FB-6B77A52A9EEE}.Debug|Any CPU.Build.0 = Debug|Any CPU
		{949AA9E2-F3D7-4B75-93FB-6B77A52A9EEE}.Release|Any CPU.ActiveCfg = Release|Any CPU
		{949AA9E2-F3D7-4B75-93FB-6B77A52A9EEE}.Release|Any CPU.Build.0 = Release|Any CPU
	EndGlobalSection
	GlobalSection(SolutionProperties) = preSolution
		HideSolutionNode = FALSE
	EndGlobalSection
	GlobalSection(ExtensibilityGlobals) = postSolution
		SolutionGuid = {79B5EFCE-9AB5-4824-BA22-400778985642}
	EndGlobalSection
EndGlobal
